{
  "name": "20220112-westore",
  "version": "1.0.0",
  "lockfileVersion": 1,
  "requires": true,
  "dependencies": {
    "rfdc": {
      "version": "1.3.0",
      "resolved": "https://registry.npmmirror.com/rfdc/download/rfdc-1.3.0.tgz",
      "integrity": "sha1-0LfEQasnINBdxM8m4ByJYx2doIs="
    },
    "westore": {
      "version": "0.1.9",
      "resolved": "https://registry.npmmirror.com/westore/download/westore-0.1.9.tgz",
      "integrity": "sha1-xfQ0ZcvZO188h4SmfYLPrWMWbDI=",
      "requires": {
        "rfdc": "^1.3.0"
      }
    }
  }
}
