lockfileVersion: '9.0'

settings:
  autoInstallPeers: true
  excludeLinksFromLockfile: false

importers:

  .:
    dependencies:
      '@clack/prompts':
        specifier: ^0.10.1
        version: 0.10.1
      chalk:
        specifier: ^5.4.1
        version: 5.4.1
    devDependencies:
      '@types/node':
        specifier: ^22.15.18
        version: 22.15.18
      typescript:
        specifier: ^5.8.3
        version: 5.8.3

packages:

  '@clack/core@0.4.2':
    resolution: {integrity: sha512-NYQfcEy8MWIxrT5Fj8nIVchfRFA26yYKJcvBS7WlUIlw2OmQOY9DhGGXMovyI5J5PpxrCPGkgUi207EBrjpBvg==}

  '@clack/prompts@0.10.1':
    resolution: {integrity: sha512-Q0T02vx8ZM9XSv9/Yde0jTmmBQufZhPJfYAg2XrrrxWWaZgq1rr8nU8Hv710BQ1dhoP8rtY7YUdpGej2Qza/cw==}

  '@types/node@22.15.18':
    resolution: {integrity: sha512-v1DKRfUdyW+jJhZNEI1PYy29S2YRxMV5AOO/x/SjKmW0acCIOqmbj6Haf9eHAhsPmrhlHSxEhv/1WszcLWV4cg==}

  chalk@5.4.1:
    resolution: {integrity: sha512-zgVZuo2WcZgfUEmsn6eO3kINexW8RAE4maiQ8QNs8CtpPCSyMiYsULR3HQYkm3w8FIA3SberyMJMSldGsW+U3w==}
    engines: {node: ^12.17.0 || ^14.13 || >=16.0.0}

  picocolors@1.1.1:
    resolution: {integrity: sha512-xceH2snhtb5M9liqDsmEw56le376mTZkEX/jEb/RxNFyegNul7eNslCXP9FDj/Lcu0X8KEyMceP2ntpaHrDEVA==}

  sisteransi@1.0.5:
    resolution: {integrity: sha512-bLGGlR1QxBcynn2d5YmDX4MGjlZvy2MRBDRNHLJ8VI6l6+9FUiyTFNJ0IveOSP0bcXgVDPRcfGqA0pjaqUpfVg==}

  typescript@5.8.3:
    resolution: {integrity: sha512-p1diW6TqL9L07nNxvRMM7hMMw4c5XOo/1ibL4aAIGmSAt9slTE1Xgw5KWuof2uTOvCg9BY7ZRi+GaF+7sfgPeQ==}
    engines: {node: '>=14.17'}
    hasBin: true

  undici-types@6.21.0:
    resolution: {integrity: sha512-iwDZqg0QAGrg9Rav5H4n0M64c3mkR59cJ6wQp+7C4nI0gsmExaedaYLNO44eT4AtBBwjbTiGPMlt2Md0T9H9JQ==}

snapshots:

  '@clack/core@0.4.2':
    dependencies:
      picocolors: 1.1.1
      sisteransi: 1.0.5

  '@clack/prompts@0.10.1':
    dependencies:
      '@clack/core': 0.4.2
      picocolors: 1.1.1
      sisteransi: 1.0.5

  '@types/node@22.15.18':
    dependencies:
      undici-types: 6.21.0

  chalk@5.4.1: {}

  picocolors@1.1.1: {}

  sisteransi@1.0.5: {}

  typescript@5.8.3: {}

  undici-types@6.21.0: {}
