lockfileVersion: '9.0'

settings:
  autoInstallPeers: true
  excludeLinksFromLockfile: false

importers:

  .: {}

  client:
    dependencies:
      '@clack/prompts':
        specifier: ^0.10.1
        version: 0.10.1
      chalk:
        specifier: ^5.4.1
        version: 5.6.2
    devDependencies:
      '@types/node':
        specifier: ^22.15.18
        version: 22.18.13
      typescript:
        specifier: ^5.8.3
        version: 5.9.3

  server:
    devDependencies:
      '@types/node':
        specifier: ^22.15.18
        version: 22.18.13
      typescript:
        specifier: ^5.8.3
        version: 5.9.3

packages:

  '@clack/core@0.4.2':
    resolution: {integrity: sha512-NYQfcEy8MWIxrT5Fj8nIVchfRFA26yYKJcvBS7WlUIlw2OmQOY9DhGGXMovyI5J5PpxrCPGkgUi207EBrjpBvg==}

  '@clack/prompts@0.10.1':
    resolution: {integrity: sha512-Q0T02vx8ZM9XSv9/Yde0jTmmBQufZhPJfYAg2XrrrxWWaZgq1rr8nU8Hv710BQ1dhoP8rtY7YUdpGej2Qza/cw==}

  '@types/node@22.18.13':
    resolution: {integrity: sha512-Bo45YKIjnmFtv6I1TuC8AaHBbqXtIo+Om5fE4QiU1Tj8QR/qt+8O3BAtOimG5IFmwaWiPmB3Mv3jtYzBA4Us2A==}

  chalk@5.6.2:
    resolution: {integrity: sha512-7NzBL0rN6fMUW+f7A6Io4h40qQlG+xGmtMxfbnH/K7TAtt8JQWVQK+6g0UXKMeVJoyV5EkkNsErQ8pVD3bLHbA==}
    engines: {node: ^12.17.0 || ^14.13 || >=16.0.0}

  picocolors@1.1.1:
    resolution: {integrity: sha512-xceH2snhtb5M9liqDsmEw56le376mTZkEX/jEb/RxNFyegNul7eNslCXP9FDj/Lcu0X8KEyMceP2ntpaHrDEVA==}

  sisteransi@1.0.5:
    resolution: {integrity: sha512-bLGGlR1QxBcynn2d5YmDX4MGjlZvy2MRBDRNHLJ8VI6l6+9FUiyTFNJ0IveOSP0bcXgVDPRcfGqA0pjaqUpfVg==}

  typescript@5.9.3:
    resolution: {integrity: sha512-jl1vZzPDinLr9eUt3J/t7V6FgNEw9QjvBPdysz9KfQDD41fQrC2Y4vKQdiaUpFT4bXlb1RHhLpp8wtm6M5TgSw==}
    engines: {node: '>=14.17'}
    hasBin: true

  undici-types@6.21.0:
    resolution: {integrity: sha512-iwDZqg0QAGrg9Rav5H4n0M64c3mkR59cJ6wQp+7C4nI0gsmExaedaYLNO44eT4AtBBwjbTiGPMlt2Md0T9H9JQ==}

snapshots:

  '@clack/core@0.4.2':
    dependencies:
      picocolors: 1.1.1
      sisteransi: 1.0.5

  '@clack/prompts@0.10.1':
    dependencies:
      '@clack/core': 0.4.2
      picocolors: 1.1.1
      sisteransi: 1.0.5

  '@types/node@22.18.13':
    dependencies:
      undici-types: 6.21.0

  chalk@5.6.2: {}

  picocolors@1.1.1: {}

  sisteransi@1.0.5: {}

  typescript@5.9.3: {}

  undici-types@6.21.0: {}
